
Microsoft Visual Studio Solution File, Format Version 12.00
# Visual Studio 15
VisualStudioVersion = 15.0.28307.572
MinimumVisualStudioVersion = 10.0.40219.1
Project("{FAE04EC0-301F-11D3-BF4B-00C04F79EFBC}") = "PhotoLibrary", "test1\PhotoLibrary.csproj", "{0D34A91C-BC72-465A-A08F-3BCB57ABB8A8}"
EndProject
Global
	GlobalSection(SolutionConfigurationPlatforms) = preSolution
		Debug|Any CPU = Debug|Any CPU
		Release|Any CPU = Release|Any CPU
	EndGlobalSection
	GlobalSection(ProjectConfigurationPlatforms) = postSolution
		{0D34A91C-BC72-465A-A08F-3BCB57ABB8A8}.Debug|Any CPU.ActiveCfg = Debug|Any CPU
		{0D34A91C-BC72-465A-A08F-3BCB57ABB8A8}.Debug|Any CPU.Build.0 = Debug|Any CPU
		{0D34A91C-BC72-465A-A08F-3BCB57ABB8A8}.Release|Any CPU.ActiveCfg = Release|Any CPU
		{0D34A91C-BC72-465A-A08F-3BCB57ABB8A8}.Release|Any CPU.Build.0 = Release|Any CPU
	EndGlobalSection
	GlobalSection(SolutionProperties) = preSolution
		HideSolutionNode = FALSE
	EndGlobalSection
	GlobalSection(ExtensibilityGlobals) = postSolution
		SolutionGuid = {943A2992-80CA-4B54-A5F4-06D023093748}
	EndGlobalSection
EndGlobal
